
Microsoft Visual Studio Solution File, Format Version 12.00
# Visual Studio 15
VisualStudioVersion = 15.0.28307.1972
MinimumVisualStudioVersion = 10.0.40219.1
Project("{FAE04EC0-301F-11D3-BF4B-00C04F79EFBC}") = "JSON_Object_Maker", "JSON_Object_Maker\JSON_Object_Maker.csproj", "{CFC5D18B-9642-477D-827F-EABE609CC3EE}"
EndProject
Global
	GlobalSection(SolutionConfigurationPlatforms) = preSolution
		Debug|Any CPU = Debug|Any CPU
		Release|Any CPU = Release|Any CPU
	EndGlobalSection
	GlobalSection(ProjectConfigurationPlatforms) = postSolution
		{CFC5D18B-9642-477D-827F-EABE609CC3EE}.Debug|Any CPU.ActiveCfg = Debug|Any CPU
		{CFC5D18B-9642-477D-827F-EABE609CC3EE}.Debug|Any CPU.Build.0 = Debug|Any CPU
		{CFC5D18B-9642-477D-827F-EABE609CC3EE}.Release|Any CPU.ActiveCfg = Release|Any CPU
		{CFC5D18B-9642-477D-827F-EABE609CC3EE}.Release|Any CPU.Build.0 = Release|Any CPU
	EndGlobalSection
	GlobalSection(SolutionProperties) = preSolution
		HideSolutionNode = FALSE
	EndGlobalSection
	GlobalSection(ExtensibilityGlobals) = postSolution
		SolutionGuid = {0B79D92B-4490-4E9B-8DA1-8F43DAE9B53F}
	EndGlobalSection
EndGlobal
